
Microsoft Visual Studio Solution File, Format Version 12.00
# Visual Studio Version 16
VisualStudioVersion = 16.0.31702.278
MinimumVisualStudioVersion = 10.0.40219.1
Project("{FAE04EC0-301F-11D3-BF4B-00C04F79EFBC}") = "Arseni_Teodora_Madalina_Lab10.Android", "Arseni_Teodora_Madalina_Lab10.Android\Arseni_Teodora_Madalina_Lab10.Android.csproj", "{72EE4D28-3229-4E3D-B9A6-4839E0884127}"
EndProject
Project("{FAE04EC0-301F-11D3-BF4B-00C04F79EFBC}") = "Arseni_Teodora_Madalina_Lab10.iOS", "Arseni_Teodora_Madalina_Lab10.iOS\Arseni_Teodora_Madalina_Lab10.iOS.csproj", "{C805A0F1-084B-4EC2-A205-D5EC1F1A7CC4}"
EndProject
Project("{FAE04EC0-301F-11D3-BF4B-00C04F79EFBC}") = "Arseni_Teodora_Madalina_Lab10", "Arseni_Teodora_Madalina_Lab10\Arseni_Teodora_Madalina_Lab10.csproj", "{7949C0D4-E5D2-473C-B246-EDB46190A570}"
EndProject
Global
	GlobalSection(SolutionConfigurationPlatforms) = preSolution
		Debug|Any CPU = Debug|Any CPU
		Debug|iPhone = Debug|iPhone
		Debug|iPhoneSimulator = Debug|iPhoneSimulator
		Release|Any CPU = Release|Any CPU
		Release|iPhone = Release|iPhone
		Release|iPhoneSimulator = Release|iPhoneSimulator
	EndGlobalSection
	GlobalSection(ProjectConfigurationPlatforms) = postSolution
		{72EE4D28-3229-4E3D-B9A6-4839E0884127}.Debug|Any CPU.ActiveCfg = Debug|Any CPU
		{72EE4D28-3229-4E3D-B9A6-4839E0884127}.Debug|Any CPU.Build.0 = Debug|Any CPU
		{72EE4D28-3229-4E3D-B9A6-4839E0884127}.Debug|Any CPU.Deploy.0 = Debug|Any CPU
		{72EE4D28-3229-4E3D-B9A6-4839E0884127}.Debug|iPhone.ActiveCfg = Debug|Any CPU
		{72EE4D28-3229-4E3D-B9A6-4839E0884127}.Debug|iPhone.Build.0 = Debug|Any CPU
		{72EE4D28-3229-4E3D-B9A6-4839E0884127}.Debug|iPhone.Deploy.0 = Debug|Any CPU
		{72EE4D28-3229-4E3D-B9A6-4839E0884127}.Debug|iPhoneSimulator.ActiveCfg = Debug|Any CPU
		{72EE4D28-3229-4E3D-B9A6-4839E0884127}.Debug|iPhoneSimulator.Build.0 = Debug|Any CPU
		{72EE4D28-3229-4E3D-B9A6-4839E0884127}.Debug|iPhoneSimulator.Deploy.0 = Debug|Any CPU
		{72EE4D28-3229-4E3D-B9A6-4839E0884127}.Release|Any CPU.ActiveCfg = Release|Any CPU
		{72EE4D28-3229-4E3D-B9A6-4839E0884127}.Release|Any CPU.Build.0 = Release|Any CPU
		{72EE4D28-3229-4E3D-B9A6-4839E0884127}.Release|Any CPU.Deploy.0 = Release|Any CPU
		{72EE4D28-3229-4E3D-B9A6-4839E0884127}.Release|iPhone.ActiveCfg = Release|Any CPU
		{72EE4D28-3229-4E3D-B9A6-4839E0884127}.Release|iPhone.Build.0 = Release|Any CPU
		{72EE4D28-3229-4E3D-B9A6-4839E0884127}.Release|iPhone.Deploy.0 = Release|Any CPU
		{72EE4D28-3229-4E3D-B9A6-4839E0884127}.Release|iPhoneSimulator.ActiveCfg = Release|Any CPU
		{72EE4D28-3229-4E3D-B9A6-4839E0884127}.Release|iPhoneSimulator.Build.0 = Release|Any CPU
		{72EE4D28-3229-4E3D-B9A6-4839E0884127}.Release|iPhoneSimulator.Deploy.0 = Release|Any CPU
		{C805A0F1-084B-4EC2-A205-D5EC1F1A7CC4}.Debug|Any CPU.ActiveCfg = Debug|iPhone
		{C805A0F1-084B-4EC2-A205-D5EC1F1A7CC4}.Debug|Any CPU.Build.0 = Debug|iPhone
		{C805A0F1-084B-4EC2-A205-D5EC1F1A7CC4}.Debug|Any CPU.Deploy.0 = Debug|iPhone
		{C805A0F1-084B-4EC2-A205-D5EC1F1A7CC4}.Debug|iPhone.ActiveCfg = Debug|iPhone
		{C805A0F1-084B-4EC2-A205-D5EC1F1A7CC4}.Debug|iPhone.Build.0 = Debug|iPhone
		{C805A0F1-084B-4EC2-A205-D5EC1F1A7CC4}.Debug|iPhone.Deploy.0 = Debug|iPhone
		{C805A0F1-084B-4EC2-A205-D5EC1F1A7CC4}.Debug|iPhoneSimulator.ActiveCfg = Debug|iPhoneSimulator
		{C805A0F1-084B-4EC2-A205-D5EC1F1A7CC4}.Debug|iPhoneSimulator.Build.0 = Debug|iPhoneSimulator
		{C805A0F1-084B-4EC2-A205-D5EC1F1A7CC4}.Debug|iPhoneSimulator.Deploy.0 = Debug|iPhoneSimulator
		{C805A0F1-084B-4EC2-A205-D5EC1F1A7CC4}.Release|Any CPU.ActiveCfg = Release|iPhoneSimulator
		{C805A0F1-084B-4EC2-A205-D5EC1F1A7CC4}.Release|Any CPU.Build.0 = Release|iPhoneSimulator
		{C805A0F1-084B-4EC2-A205-D5EC1F1A7CC4}.Release|Any CPU.Deploy.0 = Release|iPhoneSimulator
		{C805A0F1-084B-4EC2-A205-D5EC1F1A7CC4}.Release|iPhone.ActiveCfg = Release|iPhone
		{C805A0F1-084B-4EC2-A205-D5EC1F1A7CC4}.Release|iPhone.Build.0 = Release|iPhone
		{C805A0F1-084B-4EC2-A205-D5EC1F1A7CC4}.Release|iPhone.Deploy.0 = Release|iPhone
		{C805A0F1-084B-4EC2-A205-D5EC1F1A7CC4}.Release|iPhoneSimulator.ActiveCfg = Release|iPhoneSimulator
		{C805A0F1-084B-4EC2-A205-D5EC1F1A7CC4}.Release|iPhoneSimulator.Build.0 = Release|iPhoneSimulator
		{C805A0F1-084B-4EC2-A205-D5EC1F1A7CC4}.Release|iPhoneSimulator.Deploy.0 = Release|iPhoneSimulator
		{7949C0D4-E5D2-473C-B246-EDB46190A570}.Debug|Any CPU.ActiveCfg = Debug|Any CPU
		{7949C0D4-E5D2-473C-B246-EDB46190A570}.Debug|Any CPU.Build.0 = Debug|Any CPU
		{7949C0D4-E5D2-473C-B246-EDB46190A570}.Debug|Any CPU.Deploy.0 = Debug|Any CPU
		{7949C0D4-E5D2-473C-B246-EDB46190A570}.Debug|iPhone.ActiveCfg = Debug|Any CPU
		{7949C0D4-E5D2-473C-B246-EDB46190A570}.Debug|iPhone.Build.0 = Debug|Any CPU
		{7949C0D4-E5D2-473C-B246-EDB46190A570}.Debug|iPhone.Deploy.0 = Debug|Any CPU
		{7949C0D4-E5D2-473C-B246-EDB46190A570}.Debug|iPhoneSimulator.ActiveCfg = Debug|Any CPU
		{7949C0D4-E5D2-473C-B246-EDB46190A570}.Debug|iPhoneSimulator.Build.0 = Debug|Any CPU
		{7949C0D4-E5D2-473C-B246-EDB46190A570}.Debug|iPhoneSimulator.Deploy.0 = Debug|Any CPU
		{7949C0D4-E5D2-473C-B246-EDB46190A570}.Release|Any CPU.ActiveCfg = Release|Any CPU
		{7949C0D4-E5D2-473C-B246-EDB46190A570}.Release|Any CPU.Build.0 = Release|Any CPU
		{7949C0D4-E5D2-473C-B246-EDB46190A570}.Release|Any CPU.Deploy.0 = Release|Any CPU
		{7949C0D4-E5D2-473C-B246-EDB46190A570}.Release|iPhone.ActiveCfg = Release|Any CPU
		{7949C0D4-E5D2-473C-B246-EDB46190A570}.Release|iPhone.Build.0 = Release|Any CPU
		{7949C0D4-E5D2-473C-B246-EDB46190A570}.Release|iPhone.Deploy.0 = Release|Any CPU
		{7949C0D4-E5D2-473C-B246-EDB46190A570}.Release|iPhoneSimulator.ActiveCfg = Release|Any CPU
		{7949C0D4-E5D2-473C-B246-EDB46190A570}.Release|iPhoneSimulator.Build.0 = Release|Any CPU
		{7949C0D4-E5D2-473C-B246-EDB46190A570}.Release|iPhoneSimulator.Deploy.0 = Release|Any CPU
	EndGlobalSection
	GlobalSection(SolutionProperties) = preSolution
		HideSolutionNode = FALSE
	EndGlobalSection
	GlobalSection(ExtensibilityGlobals) = postSolution
		SolutionGuid = {76B1A8F0-1C8A-416F-AB48-A220CAE5EE7B}
	EndGlobalSection
EndGlobal
